
Microsoft Visual Studio Solution File, Format Version 12.00
# Visual Studio Version 17
VisualStudioVersion = 17.11.35327.3
MinimumVisualStudioVersion = 10.0.40219.1
Project("{FAE04EC0-301F-11D3-BF4B-00C04F79EFBC}") = "Phonebook", "Phonebook\Phonebook.csproj", "{4829DAC6-9057-4267-8E9E-A6967D9B2AE7}"
EndProject
Global
	GlobalSection(SolutionConfigurationPlatforms) = preSolution
		Debug|Any CPU = Debug|Any CPU
		Release|Any CPU = Release|Any CPU
	EndGlobalSection
	GlobalSection(ProjectConfigurationPlatforms) = postSolution
		{4829DAC6-9057-4267-8E9E-A6967D9B2AE7}.Debug|Any CPU.ActiveCfg = Debug|Any CPU
		{4829DAC6-9057-4267-8E9E-A6967D9B2AE7}.Debug|Any CPU.Build.0 = Debug|Any CPU
		{4829DAC6-9057-4267-8E9E-A6967D9B2AE7}.Release|Any CPU.ActiveCfg = Release|Any CPU
		{4829DAC6-9057-4267-8E9E-A6967D9B2AE7}.Release|Any CPU.Build.0 = Release|Any CPU
	EndGlobalSection
	GlobalSection(SolutionProperties) = preSolution
		HideSolutionNode = FALSE
	EndGlobalSection
	GlobalSection(ExtensibilityGlobals) = postSolution
		SolutionGuid = {195D35EB-39F4-4E19-8E63-14F9EB327CA5}
	EndGlobalSection
EndGlobal
